version = 1
revision = 3
requires-python = ">=3.13"

[manifest]
members = [
    "pwnkit",
]

[[package]]
name = "pwnkit"
version = "0.1.0"
source = { editable = "packages/pwnkit" }
dependencies = [
    { name = "pyelftools" },
]

[package.metadata]
requires-dist = [{ name = "pyelftools", specifier = ">=0.31" }]

[[package]]
name = "pyelftools"
version = "0.33"
source = { registry = "https://pypi.org/simple" }
sdist = { url = "https://files.pythonhosted.org/packages/a3/11/767522582afab1b884d277de0e6e011640cb9d7292a38694b4b1a1df1ae8/pyelftools-0.33.tar.gz", hash = "sha256:660d82dcbeb8e83d1702bd97f223f761625da06111c0cc988eac6b8ab0c1b61f", size = 15068655, upload-time = "2026-05-29T12:56:22.553Z" }
wheels = [
    { url = "https://files.pythonhosted.org/packages/46/2a/f9697576603dae937727827505a6126a066affb227034e77e6f9068910da/pyelftools-0.33-py3-none-any.whl", hash = "sha256:f215ad5f47d3f1373a21496a6c9e0707c622840d0622f23ff7ce08678b020036", size = 201178, upload-time = "2026-05-29T12:56:20.587Z" },
]
